
Microsoft Visual Studio Solution File, Format Version 12.00
# Visual Studio Version 17
VisualStudioVersion = 17.2.32519.379
MinimumVisualStudioVersion = 10.0.40219.1
Project("{9A19103F-16F7-4668-BE54-9A1E7A4F7556}") = "SpreadSheetApp", "SpreadSheetApp\SpreadSheetApp.csproj", "{58C9EC57-51C1-42EB-B5F5-3CC4D1E51569}"
EndProject
Project("{9A19103F-16F7-4668-BE54-9A1E7A4F7556}") = "SpreadSheetEngine", "SpreadSheetEngine\SpreadSheetEngine.csproj", "{EC5FCC2A-1ACC-483B-974F-5B2D6FFD0B7A}"
EndProject
Project("{2150E333-8FDC-42A3-9474-1A3956D46DE8}") = "Solution Items", "Solution Items", "{B727F5D0-FCB4-4780-BA1B-E917A1CA32EF}"
	ProjectSection(SolutionItems) = preProject
		.editorconfig = .editorconfig
	EndProjectSection
EndProject
Global
	GlobalSection(SolutionConfigurationPlatforms) = preSolution
		Debug|Any CPU = Debug|Any CPU
		Release|Any CPU = Release|Any CPU
	EndGlobalSection
	GlobalSection(ProjectConfigurationPlatforms) = postSolution
		{58C9EC57-51C1-42EB-B5F5-3CC4D1E51569}.Debug|Any CPU.ActiveCfg = Debug|Any CPU
		{58C9EC57-51C1-42EB-B5F5-3CC4D1E51569}.Debug|Any CPU.Build.0 = Debug|Any CPU
		{58C9EC57-51C1-42EB-B5F5-3CC4D1E51569}.Release|Any CPU.ActiveCfg = Release|Any CPU
		{58C9EC57-51C1-42EB-B5F5-3CC4D1E51569}.Release|Any CPU.Build.0 = Release|Any CPU
		{EC5FCC2A-1ACC-483B-974F-5B2D6FFD0B7A}.Debug|Any CPU.ActiveCfg = Debug|Any CPU
		{EC5FCC2A-1ACC-483B-974F-5B2D6FFD0B7A}.Debug|Any CPU.Build.0 = Debug|Any CPU
		{EC5FCC2A-1ACC-483B-974F-5B2D6FFD0B7A}.Release|Any CPU.ActiveCfg = Release|Any CPU
		{EC5FCC2A-1ACC-483B-974F-5B2D6FFD0B7A}.Release|Any CPU.Build.0 = Release|Any CPU
	EndGlobalSection
	GlobalSection(SolutionProperties) = preSolution
		HideSolutionNode = FALSE
	EndGlobalSection
	GlobalSection(ExtensibilityGlobals) = postSolution
		SolutionGuid = {B0C249B6-C3D7-4315-806E-09C5BDF9D7AB}
	EndGlobalSection
EndGlobal
